
Microsoft Visual Studio Solution File, Format Version 12.00
# Visual Studio Version 17
VisualStudioVersion = 17.13.35806.99 d17.13
MinimumVisualStudioVersion = 10.0.40219.1
Project("{FAE04EC0-301F-11D3-BF4B-00C04F79EFBC}") = "ProNaturBiomarktGmbH", "ProNaturBiomarktGmbH\ProNaturBiomarktGmbH.csproj", "{DB000238-EB5F-47DB-89FD-875A58DD9E56}"
EndProject
Global
	GlobalSection(SolutionConfigurationPlatforms) = preSolution
		Debug|Any CPU = Debug|Any CPU
		Release|Any CPU = Release|Any CPU
	EndGlobalSection
	GlobalSection(ProjectConfigurationPlatforms) = postSolution
		{DB000238-EB5F-47DB-89FD-875A58DD9E56}.Debug|Any CPU.ActiveCfg = Debug|Any CPU
		{DB000238-EB5F-47DB-89FD-875A58DD9E56}.Debug|Any CPU.Build.0 = Debug|Any CPU
		{DB000238-EB5F-47DB-89FD-875A58DD9E56}.Release|Any CPU.ActiveCfg = Release|Any CPU
		{DB000238-EB5F-47DB-89FD-875A58DD9E56}.Release|Any CPU.Build.0 = Release|Any CPU
	EndGlobalSection
	GlobalSection(SolutionProperties) = preSolution
		HideSolutionNode = FALSE
	EndGlobalSection
	GlobalSection(ExtensibilityGlobals) = postSolution
		SolutionGuid = {0BFD6E90-BDA3-4E64-8AB7-5C88BF2B0F18}
	EndGlobalSection
EndGlobal
